<?xml version="1.0" encoding="utf-8"?>
<Project ToolsVersion="4.0" xmlns="http://schemas.microsoft.com/developer/msbuild/2003">
  <ItemGroup>
    <Filter Include="소스 파일">
      <UniqueIdentifier>{4FC737F1-C7A5-4376-A066-2A32D752A2FF}</UniqueIdentifier>
      <Extensions>cpp;c;cc;cxx;c++;cppm;ixx;def;odl;idl;hpj;bat;asm;asmx</Extensions>
    </Filter>
    <Filter Include="소스 파일\Main">
      <UniqueIdentifier>{980cef02-d836-45f2-8668-5663702bf73b}</UniqueIdentifier>
    </Filter>
    <Filter Include="소스 파일\Network">
      <UniqueIdentifier>{1f71c5b8-c45d-4ba9-94e0-a75b819cbe3a}</UniqueIdentifier>
    </Filter>
    <Filter Include="소스 파일\Thread">
      <UniqueIdentifier>{5fca1696-219b-4ef0-ac58-216800b61e20}</UniqueIdentifier>
    </Filter>
    <Filter Include="소스 파일\Utils">
      <UniqueIdentifier>{bef42c39-3b2f-450b-9398-5dd04eea8c83}</UniqueIdentifier>
    </Filter>
  </ItemGroup>
  <ItemGroup>
    <ClInclude Include="Types.h">
      <Filter>소스 파일\Main</Filter>
    </ClInclude>
    <ClInclude Include="pch.h">
      <Filter>소스 파일\Main</Filter>
    </ClInclude>
    <ClInclude Include="CoreGlobal.h">
      <Filter>소스 파일\Main</Filter>
    </ClInclude>
    <ClInclude Include="CoreMacro.h">
      <Filter>소스 파일\Main</Filter>
    </ClInclude>
    <ClInclude Include="CorePch.h">
      <Filter>소스 파일\Main</Filter>
    </ClInclude>
    <ClInclude Include="CoreTLS.h">
      <Filter>소스 파일\Main</Filter>
    </ClInclude>
    <ClInclude Include="ThreadManager.h">
      <Filter>소스 파일\Thread</Filter>
    </ClInclude>
    <ClInclude Include="SocketUtils.h">
      <Filter>소스 파일\Network</Filter>
    </ClInclude>
    <ClInclude Include="IocpCore.h">
      <Filter>소스 파일\Network</Filter>
    </ClInclude>
    <ClInclude Include="IocpEvent.h">
      <Filter>소스 파일\Network</Filter>
    </ClInclude>
    <ClInclude Include="Listener.h">
      <Filter>소스 파일\Network</Filter>
    </ClInclude>
    <ClInclude Include="NetAddress.h">
      <Filter>소스 파일\Network</Filter>
    </ClInclude>
    <ClInclude Include="Session.h">
      <Filter>소스 파일\Network</Filter>
    </ClInclude>
    <ClInclude Include="Service.h">
      <Filter>소스 파일\Network</Filter>
    </ClInclude>
    <ClInclude Include="RecvBuffer.h">
      <Filter>소스 파일\Network</Filter>
    </ClInclude>
    <ClInclude Include="SendBuffer.h">
      <Filter>소스 파일\Network</Filter>
    </ClInclude>
    <ClInclude Include="BufferReader.h">
      <Filter>소스 파일\Utils</Filter>
    </ClInclude>
    <ClInclude Include="BufferWriter.h">
      <Filter>소스 파일\Utils</Filter>
    </ClInclude>
  </ItemGroup>
  <ItemGroup>
    <ClCompile Include="pch.cpp">
      <Filter>소스 파일\Main</Filter>
    </ClCompile>
    <ClCompile Include="CoreGlobal.cpp">
      <Filter>소스 파일\Main</Filter>
    </ClCompile>
    <ClCompile Include="CoreMacro.cpp">
      <Filter>소스 파일\Main</Filter>
    </ClCompile>
    <ClCompile Include="CorePch.cpp">
      <Filter>소스 파일\Main</Filter>
    </ClCompile>
    <ClCompile Include="CoreTLS.cpp">
      <Filter>소스 파일\Main</Filter>
    </ClCompile>
    <ClCompile Include="ThreadManager.cpp">
      <Filter>소스 파일\Thread</Filter>
    </ClCompile>
    <ClCompile Include="SocketUtils.cpp">
      <Filter>소스 파일\Network</Filter>
    </ClCompile>
    <ClCompile Include="IocpCore.cpp">
      <Filter>소스 파일\Network</Filter>
    </ClCompile>
    <ClCompile Include="IocpEvent.cpp">
      <Filter>소스 파일\Network</Filter>
    </ClCompile>
    <ClCompile Include="Listener.cpp">
      <Filter>소스 파일\Network</Filter>
    </ClCompile>
    <ClCompile Include="NetAddress.cpp">
      <Filter>소스 파일\Network</Filter>
    </ClCompile>
    <ClCompile Include="Session.cpp">
      <Filter>소스 파일\Network</Filter>
    </ClCompile>
    <ClCompile Include="Service.cpp">
      <Filter>소스 파일\Network</Filter>
    </ClCompile>
    <ClCompile Include="RecvBuffer.cpp">
      <Filter>소스 파일\Network</Filter>
    </ClCompile>
    <ClCompile Include="SendBuffer.cpp">
      <Filter>소스 파일\Network</Filter>
    </ClCompile>
    <ClCompile Include="BufferReader.cpp">
      <Filter>소스 파일\Utils</Filter>
    </ClCompile>
    <ClCompile Include="BufferWriter.cpp">
      <Filter>소스 파일\Utils</Filter>
    </ClCompile>
  </ItemGroup>
</Project>